
Microsoft Visual Studio Solution File, Format Version 12.00
# Visual Studio 14
VisualStudioVersion = 14.0.25420.1
MinimumVisualStudioVersion = 10.0.40219.1
Project("{8BC9CEB8-8B4A-11D0-8D11-00A0C91BC942}") = "Orb", "Orb\Orb.vcxproj", "{FC79BEBD-DBA2-4A71-B943-68AAAA142441}"
EndProject
Project("{8BC9CEB8-8B4A-11D0-8D11-00A0C91BC942}") = "Orb_Benchmark", "Examples\Orb_Experiments\Orb_Experiments.vcxproj", "{A04B9128-2482-4252-ADC5-FAF777DE86A9}"
EndProject
Project("{8BC9CEB8-8B4A-11D0-8D11-00A0C91BC942}") = "Orb_Match", "Examples\Orb_Match\Orb_Match.vcxproj", "{8743A1B7-D2B4-4438-917A-3A1E0770BC9A}"
EndProject
Project("{8BC9CEB8-8B4A-11D0-8D11-00A0C91BC942}") = "Orb_Optimizer", "Examples\Orb_Optimizer\Orb_Optimizer.vcxproj", "{AD4B8CA4-AE82-49FD-84C7-A7141BEAC04C}"
EndProject
Project("{8BC9CEB8-8B4A-11D0-8D11-00A0C91BC942}") = "Orb_SLAM", "Examples\Orb_SLAM\Orb_SLAM.vcxproj", "{DC20DCEC-12B6-4B21-80F2-0C3B13797CE9}"
EndProject
Project("{2150E333-8FDC-42A3-9474-1A3956D46DE8}") = "Examples", "Examples", "{1A102731-1624-4E4C-BE10-295DAE76D1EC}"
EndProject
Global
	GlobalSection(SolutionConfigurationPlatforms) = preSolution
		Debug|Any CPU = Debug|Any CPU
		Debug|x64 = Debug|x64
		Debug|x86 = Debug|x86
		Release|Any CPU = Release|Any CPU
		Release|x64 = Release|x64
		Release|x86 = Release|x86
	EndGlobalSection
	GlobalSection(ProjectConfigurationPlatforms) = postSolution
		{FC79BEBD-DBA2-4A71-B943-68AAAA142441}.Debug|Any CPU.ActiveCfg = Debug|Win32
		{FC79BEBD-DBA2-4A71-B943-68AAAA142441}.Debug|x64.ActiveCfg = Debug|x64
		{FC79BEBD-DBA2-4A71-B943-68AAAA142441}.Debug|x64.Build.0 = Debug|x64
		{FC79BEBD-DBA2-4A71-B943-68AAAA142441}.Debug|x86.ActiveCfg = Debug|Win32
		{FC79BEBD-DBA2-4A71-B943-68AAAA142441}.Debug|x86.Build.0 = Debug|Win32
		{FC79BEBD-DBA2-4A71-B943-68AAAA142441}.Release|Any CPU.ActiveCfg = Release|Win32
		{FC79BEBD-DBA2-4A71-B943-68AAAA142441}.Release|x64.ActiveCfg = Release|x64
		{FC79BEBD-DBA2-4A71-B943-68AAAA142441}.Release|x64.Build.0 = Release|x64
		{FC79BEBD-DBA2-4A71-B943-68AAAA142441}.Release|x64.Deploy.0 = Release|x64
		{FC79BEBD-DBA2-4A71-B943-68AAAA142441}.Release|x86.ActiveCfg = Release|Win32
		{FC79BEBD-DBA2-4A71-B943-68AAAA142441}.Release|x86.Build.0 = Release|Win32
		{A04B9128-2482-4252-ADC5-FAF777DE86A9}.Debug|Any CPU.ActiveCfg = Debug|Win32
		{A04B9128-2482-4252-ADC5-FAF777DE86A9}.Debug|x64.ActiveCfg = Debug|x64
		{A04B9128-2482-4252-ADC5-FAF777DE86A9}.Debug|x64.Build.0 = Debug|x64
		{A04B9128-2482-4252-ADC5-FAF777DE86A9}.Debug|x86.ActiveCfg = Debug|Win32
		{A04B9128-2482-4252-ADC5-FAF777DE86A9}.Debug|x86.Build.0 = Debug|Win32
		{A04B9128-2482-4252-ADC5-FAF777DE86A9}.Release|Any CPU.ActiveCfg = Release|Win32
		{A04B9128-2482-4252-ADC5-FAF777DE86A9}.Release|x64.ActiveCfg = Release|x64
		{A04B9128-2482-4252-ADC5-FAF777DE86A9}.Release|x64.Build.0 = Release|x64
		{A04B9128-2482-4252-ADC5-FAF777DE86A9}.Release|x86.ActiveCfg = Release|Win32
		{A04B9128-2482-4252-ADC5-FAF777DE86A9}.Release|x86.Build.0 = Release|Win32
		{8743A1B7-D2B4-4438-917A-3A1E0770BC9A}.Debug|Any CPU.ActiveCfg = Debug|Win32
		{8743A1B7-D2B4-4438-917A-3A1E0770BC9A}.Debug|x64.ActiveCfg = Debug|x64
		{8743A1B7-D2B4-4438-917A-3A1E0770BC9A}.Debug|x64.Build.0 = Debug|x64
		{8743A1B7-D2B4-4438-917A-3A1E0770BC9A}.Debug|x86.ActiveCfg = Debug|Win32
		{8743A1B7-D2B4-4438-917A-3A1E0770BC9A}.Debug|x86.Build.0 = Debug|Win32
		{8743A1B7-D2B4-4438-917A-3A1E0770BC9A}.Release|Any CPU.ActiveCfg = Release|Win32
		{8743A1B7-D2B4-4438-917A-3A1E0770BC9A}.Release|x64.ActiveCfg = Release|x64
		{8743A1B7-D2B4-4438-917A-3A1E0770BC9A}.Release|x64.Build.0 = Release|x64
		{8743A1B7-D2B4-4438-917A-3A1E0770BC9A}.Release|x86.ActiveCfg = Release|Win32
		{8743A1B7-D2B4-4438-917A-3A1E0770BC9A}.Release|x86.Build.0 = Release|Win32
		{AD4B8CA4-AE82-49FD-84C7-A7141BEAC04C}.Debug|Any CPU.ActiveCfg = Debug|Win32
		{AD4B8CA4-AE82-49FD-84C7-A7141BEAC04C}.Debug|x64.ActiveCfg = Debug|x64
		{AD4B8CA4-AE82-49FD-84C7-A7141BEAC04C}.Debug|x64.Build.0 = Debug|x64
		{AD4B8CA4-AE82-49FD-84C7-A7141BEAC04C}.Debug|x86.ActiveCfg = Debug|Win32
		{AD4B8CA4-AE82-49FD-84C7-A7141BEAC04C}.Debug|x86.Build.0 = Debug|Win32
		{AD4B8CA4-AE82-49FD-84C7-A7141BEAC04C}.Release|Any CPU.ActiveCfg = Release|Win32
		{AD4B8CA4-AE82-49FD-84C7-A7141BEAC04C}.Release|x64.ActiveCfg = Release|x64
		{AD4B8CA4-AE82-49FD-84C7-A7141BEAC04C}.Release|x64.Build.0 = Release|x64
		{AD4B8CA4-AE82-49FD-84C7-A7141BEAC04C}.Release|x86.ActiveCfg = Release|Win32
		{AD4B8CA4-AE82-49FD-84C7-A7141BEAC04C}.Release|x86.Build.0 = Release|Win32
		{DC20DCEC-12B6-4B21-80F2-0C3B13797CE9}.Debug|Any CPU.ActiveCfg = Debug|Win32
		{DC20DCEC-12B6-4B21-80F2-0C3B13797CE9}.Debug|x64.ActiveCfg = Debug|x64
		{DC20DCEC-12B6-4B21-80F2-0C3B13797CE9}.Debug|x64.Build.0 = Debug|x64
		{DC20DCEC-12B6-4B21-80F2-0C3B13797CE9}.Debug|x86.ActiveCfg = Debug|Win32
		{DC20DCEC-12B6-4B21-80F2-0C3B13797CE9}.Debug|x86.Build.0 = Debug|Win32
		{DC20DCEC-12B6-4B21-80F2-0C3B13797CE9}.Release|Any CPU.ActiveCfg = Release|Win32
		{DC20DCEC-12B6-4B21-80F2-0C3B13797CE9}.Release|x64.ActiveCfg = Release|x64
		{DC20DCEC-12B6-4B21-80F2-0C3B13797CE9}.Release|x64.Build.0 = Release|x64
		{DC20DCEC-12B6-4B21-80F2-0C3B13797CE9}.Release|x86.ActiveCfg = Release|Win32
		{DC20DCEC-12B6-4B21-80F2-0C3B13797CE9}.Release|x86.Build.0 = Release|Win32
	EndGlobalSection
	GlobalSection(SolutionProperties) = preSolution
		HideSolutionNode = FALSE
	EndGlobalSection
	GlobalSection(NestedProjects) = preSolution
		{A04B9128-2482-4252-ADC5-FAF777DE86A9} = {1A102731-1624-4E4C-BE10-295DAE76D1EC}
		{8743A1B7-D2B4-4438-917A-3A1E0770BC9A} = {1A102731-1624-4E4C-BE10-295DAE76D1EC}
		{AD4B8CA4-AE82-49FD-84C7-A7141BEAC04C} = {1A102731-1624-4E4C-BE10-295DAE76D1EC}
		{DC20DCEC-12B6-4B21-80F2-0C3B13797CE9} = {1A102731-1624-4E4C-BE10-295DAE76D1EC}
	EndGlobalSection
EndGlobal
