<?xml version="1.0" encoding="utf-8"?>
<Project ToolsVersion="4.0" xmlns="http://schemas.microsoft.com/developer/msbuild/2003">
  <ItemGroup>
    <CudaCompile Include="FAST.cu">
      <Filter>Fast</Filter>
    </CudaCompile>
    <CudaCompile Include="Orb.cu">
      <Filter>Orb</Filter>
    </CudaCompile>
    <CudaCompile Include="main.cpp" />
  </ItemGroup>
  <ItemGroup>
    <ClInclude Include="FAST.cuh">
      <Filter>Fast</Filter>
    </ClInclude>
    <ClInclude Include="Orb.h">
      <Filter>Orb</Filter>
    </ClInclude>
    <ClInclude Include="Profiler.h">
      <Filter>utility</Filter>
    </ClInclude>
    <ClInclude Include="Memory.h">
      <Filter>utility</Filter>
    </ClInclude>
    <ClInclude Include="BRIEF.h">
      <Filter>BRIEF</Filter>
    </ClInclude>
    <ClInclude Include="Application.h" />
  </ItemGroup>
  <ItemGroup>
    <Filter Include="Fast">
      <UniqueIdentifier>{4c17dac6-99b4-4bea-9aa3-0772bcafb7be}</UniqueIdentifier>
    </Filter>
    <Filter Include="BRIEF">
      <UniqueIdentifier>{297f1b5e-dda0-4fe4-96b7-bdcebf160541}</UniqueIdentifier>
    </Filter>
    <Filter Include="Orb">
      <UniqueIdentifier>{7db14aa5-91fb-4799-9fef-c0dc8c0f6d6f}</UniqueIdentifier>
    </Filter>
    <Filter Include="utility">
      <UniqueIdentifier>{fe02b567-fefe-4103-abfd-f726fd8c17ba}</UniqueIdentifier>
    </Filter>
  </ItemGroup>
  <ItemGroup>
    <ClCompile Include="BRIEF.cpp">
      <Filter>BRIEF</Filter>
    </ClCompile>
    <ClCompile Include="rBRIEF.cpp">
      <Filter>BRIEF</Filter>
    </ClCompile>
    <ClCompile Include="Profiler.cpp">
      <Filter>utility</Filter>
    </ClCompile>
    <ClCompile Include="BRIEF_Matcher.cpp">
      <Filter>BRIEF</Filter>
    </ClCompile>
    <ClCompile Include="BRIEF_Optimizer.cpp">
      <Filter>BRIEF</Filter>
    </ClCompile>
    <ClCompile Include="Application.cpp" />
  </ItemGroup>
</Project>